---
label: Block
hide_body: false
is_partial: true
display_field: title
fields:
- type: text
  name: title
  label: Title
- type: text
  name: subtitle
  label: Subtitle
- type: file
  name: logo
  label: Logo
  description: The logo to be displayed in the block
- type: file
  name: background_image
  label: Background image
- type: field_group_list
  label: Call to action
  name: call_to_action
  fields:
  - type: include
    name: button
    label: Button
    template: call-to-action
  config:
    min: '1'
    max: '3'
