---
label: 'Block: Image hero'
hide_body: false
display_field: title
fields:
- type: text
  name: title
  label: Headline
  description: Set the headline of the content block
  config:
    required: true
  default: e.g. New to church
- type: textarea
  name: subtitle
  label: Subtitle
  description: " (Optional) The subtitle / description is displayed below the headline. "
- name: description
  type: textarea
  default: ''
  config:
    required: false
    wysiwyg: true
    schema:
      format: html-blocks
  label: Description
- type: file
  label: Logo
  name: logo
  description: "(Optional) Choose / upload a logo that should be use in place of a
    headline and subtitle. Maximum width of 400px wide."
- type: file
  name: background_image
  label: Image
  description: Choose an image that should be displayed behind the content block
- name: size
  type: select
  default: Small
  config:
    required: false
    options:
    - Small
    - Medium
    - Large
    - Xlarge
    - Fill
    source:
      type: simple
      section: 
      file: 
      path: 
  label: Height
  description: Set the height the block should occupy
- name: add_overlay_
  type: boolean
  label: Add overlay?
- name: overlay_colour
  type: color
  label: Overlay colour
  config:
    required: false
    color_format: RGB
  description: Ideally choose a primary colour from the background image to produce
    a better blend
  default: rgb(49, 54, 64)
  showOnly:
    field: add_overlay_
    value: true
- name: overlay_opacity
  type: select
  default: Opacity 30
  config:
    required: false
    options:
    - Opacity 10
    - Opacity 20
    - Opacity 30
    - Opacity 40
    - Opacity 50
    - Opacity 60
    - Opacity 70
    - Opacity 80
    - Opacity 90
    source:
      type: simple
      section: 
      file: 
      path: 
  label: Overlay opacity
  description: Choose an overlay opacity for the colour overlay
  showOnly:
    field: add_overlay_
    value: true
- type: blocks
  name: call_to_action
  label: Call to action
  template_types:
  - call-to-action
  - file-download
  config:
    max: '4'
pages:
- _banners/easter-sunday-21st-april.md
- _banners/good-friday-easter-egg-hunt.md
- _banners/worship-night-good-friday.md
