---
label: 'Block: Image and text'
hide_body: true
display_field: title
fields:
- name: theme
  type: select
  default: Light
  config:
    required: false
    options:
    - Light
    - Dark
    source:
      type: simple
      section: 
      file: 
      path: 
  label: Theme
  description: What theme should this block use?
- name: display
  type: select
  default: Wide
  config:
    required: false
    options:
    - Wide
    - Fill
    source:
      type: simple
      section: 
      file: 
      path: 
  label: Display
  description: How do you want this block to display? Wide will display it centrally
    in the site whilst fill will display across the full width of the page.
- type: text
  name: title
  label: Headline
  description: Set the headline of the content block
  config:
    required: true
  default: e.g. New to church
- type: textarea
  name: subtitle
  label: Subtitle
  description: " (Optional) The subtitle / description is displayed below the headline. "
  default: ''
- name: description
  type: textarea
  default: ''
  config:
    required: false
    wysiwyg: true
    schema:
      format: html-blocks
  label: Description
- name: text_alignment
  type: select
  default: Center
  config:
    required: false
    options:
    - Left
    - Center
    - Right
    source:
      type: simple
      section: 
      file: 
      path: 
  label: Text alignment
  description: Set the alignment of the text for this block.
- type: file
  name: image
  label: Image
  description: Choose a primary image that should be displayed along with the text
    content.
- name: image_position
  type: select
  default: Right
  config:
    required: false
    options:
    - Right
    - Left
    source:
      type: simple
      section: 
      file: 
      path: 
  label: Image position
  description: Set the position of the image
- name: image_type
  type: select
  default: Cover
  config:
    required: false
    options:
    - Cover
    - Contain
    source:
      type: simple
      section: 
      file: 
      path: 
  label: Image display
  description: Set the way the image should be displayed. Cover sets the image to
    fill the block whilst contain keeps the original aspect ratio and centres the
    image in the block.
- type: blocks
  name: call_to_action
  label: Call to action
  template_types:
  - call-to-action
  - file-download
  - donate-button
  config:
    max: '4'
