---
label: 'Block: Text'
hide_body: true
display_field: title
fields:
- name: theme
  type: select
  default: Light
  config:
    required: false
    options:
    - Light
    - Dark
    source:
      type: simple
      section: 
      file: 
      path: 
  label: Theme
  description: What theme should this block use?
- name: display
  type: select
  default: Wide
  config:
    required: false
    options:
    - Wide
    - Fill
    source:
      type: simple
      section: 
      file: 
      path: 
  label: Display
  description: How do you want this block to display? Wide will display it centrally
    in the site whilst fill will display across the full width of the page.
- type: text
  name: title
  label: Headline
  description: Set the headline of the content block
  config:
    required: true
  default:
- type: textarea
  name: subtitle
  label: Subtitle
  description: "(Optional) The subtitle / description is displayed below the headline. "
- name: description
  type: textarea
  default: ''
  config:
    required: false
    wysiwyg: true
    schema:
      format: html-blocks
  label: Description
- type: blocks
  name: call_to_action
  label: Call to action
  template_types:
  - call-to-action
  - file-download
  - donate-button
  config:
    max: '4'
