---
label: 'Block: Top image and text'
hide_body: true
display_field: title
fields:
- name: theme
  type: select
  default: Light
  config:
    required: false
    options:
    - Light
    - Dark
    source:
      type: simple
      section: 
      file: 
      path: 
  label: Theme
- type: text
  name: title
  label: Headline
  description: Set the headline of the content block
  config:
    required: true
  default: 
- type: textarea
  name: subtitle
  label: Subtitle
  description: " (Optional) The subtitle / description is displayed below the headline. "
- name: description
  type: textarea
  default: ''
  config:
    required: false
    wysiwyg: true
    schema:
      format: html-blocks
  label: Description
- type: file
  name: image
  label: Image
  description: Choose a primary image that should be displayed along with the text
    content.
- type: blocks
  name: call_to_action
  label: Call to action
  template_types:
  - call-to-action
  - file-download
  - donate-button
  config:
    max: '4'
